{
  "nodes": {
    "nixpkgs": {
      "locked": {
        "lastModified": 1680572440,
        "narHash": "sha256-MlIkJeMJHo33TSXk7BjqNwZA/T1RBlIQdt9Yg667UiQ=",
        "owner": "nixos",
        "repo": "nixpkgs",
        "rev": "8bdead55075dbfe3403d5aa71113e11885c98dff",
        "type": "github"
      },
      "original": {
        "owner": "nixos",
        "repo": "nixpkgs",
        "type": "github"
      }
    },
    "root": {
      "inputs": {
        "nixpkgs": "nixpkgs"
      }
    }
  },
  "root": "root",
  "version": 7
}
